<?xml version="1.0" encoding="utf-8"?>
<Project ToolsVersion="4.0" xmlns="http://schemas.microsoft.com/developer/msbuild/2003">
  <ItemGroup>
    <ClCompile Include="main.cpp" />
    <ClCompile Include="netLib\InetAddr.cpp" />
    <ClCompile Include="netLib\Epoll.cpp" />
    <ClCompile Include="netLib\Socket.cpp" />
    <ClCompile Include="netLib\SocketChannel.cpp" />
  </ItemGroup>
  <ItemGroup>
    <ClInclude Include="netLib\Epoll.h" />
    <ClInclude Include="netLib\InetAddr.h" />
    <ClInclude Include="netLib\Socket.h" />
    <ClInclude Include="netLib\SocketChannel.h" />
    <ClInclude Include="netLib\SocketException.h" />
    <ClInclude Include="netLib\SocketData.h" />
    <ClInclude Include="netLib\KanonNet.h" />
    <ClInclude Include="threadlLib\SynchronizedQueue.h" />
  </ItemGroup>
</Project>